// !$*UTF8*$!
{
	archiveVersion = 1;
	classes = {
	};
	objectVersion = 56;
	objects = {

/* Begin PBXBuildFile section */
		546809EC2A21FD02002AD887 /* SpaceXApp.swift in Sources */ = {isa = PBXBuildFile; fileRef = 546809EB2A21FD02002AD887 /* SpaceXApp.swift */; };
		546809EE2A21FD02002AD887 /* ContentView.swift in Sources */ = {isa = PBXBuildFile; fileRef = 546809ED2A21FD02002AD887 /* ContentView.swift */; };
		546809F02A21FD03002AD887 /* Assets.xcassets in Resources */ = {isa = PBXBuildFile; fileRef = 546809EF2A21FD03002AD887 /* Assets.xcassets */; };
		546809F32A21FD03002AD887 /* Preview Assets.xcassets in Resources */ = {isa = PBXBuildFile; fileRef = 546809F22A21FD03002AD887 /* Preview Assets.xcassets */; };
		546809FD2A21FD03002AD887 /* SpaceXTests.swift in Sources */ = {isa = PBXBuildFile; fileRef = 546809FC2A21FD03002AD887 /* SpaceXTests.swift */; };
		54680A072A21FD03002AD887 /* SpaceXUITests.swift in Sources */ = {isa = PBXBuildFile; fileRef = 54680A062A21FD03002AD887 /* SpaceXUITests.swift */; };
		54680A092A21FD03002AD887 /* SpaceXUITestsLaunchTests.swift in Sources */ = {isa = PBXBuildFile; fileRef = 54680A082A21FD03002AD887 /* SpaceXUITestsLaunchTests.swift */; };
		54680A172A22031B002AD887 /* Apollo in Frameworks */ = {isa = PBXBuildFile; productRef = 54680A162A22031B002AD887 /* Apollo */; };
		54680A192A2204BD002AD887 /* GraphQL in Resources */ = {isa = PBXBuildFile; fileRef = 54680A182A2204BD002AD887 /* GraphQL */; };
		54680A1E2A2207EF002AD887 /* SpaceXAPI in Frameworks */ = {isa = PBXBuildFile; productRef = 54680A1D2A2207EF002AD887 /* SpaceXAPI */; };
		54680A212A2208D0002AD887 /* NetworkService.swift in Sources */ = {isa = PBXBuildFile; fileRef = 54680A202A2208D0002AD887 /* NetworkService.swift */; };
		54680A242A22098E002AD887 /* RocketList_VM.swift in Sources */ = {isa = PBXBuildFile; fileRef = 54680A232A22098E002AD887 /* RocketList_VM.swift */; };
/* End PBXBuildFile section */

/* Begin PBXContainerItemProxy section */
		546809F92A21FD03002AD887 /* PBXContainerItemProxy */ = {
			isa = PBXContainerItemProxy;
			containerPortal = 546809E02A21FD02002AD887 /* Project object */;
			proxyType = 1;
			remoteGlobalIDString = 546809E72A21FD02002AD887;
			remoteInfo = SpaceX;
		};
		54680A032A21FD03002AD887 /* PBXContainerItemProxy */ = {
			isa = PBXContainerItemProxy;
			containerPortal = 546809E02A21FD02002AD887 /* Project object */;
			proxyType = 1;
			remoteGlobalIDString = 546809E72A21FD02002AD887;
			remoteInfo = SpaceX;
		};
/* End PBXContainerItemProxy section */

/* Begin PBXFileReference section */
		546809E82A21FD02002AD887 /* SpaceX.app */ = {isa = PBXFileReference; explicitFileType = wrapper.application; includeInIndex = 0; path = SpaceX.app; sourceTree = BUILT_PRODUCTS_DIR; };
		546809EB2A21FD02002AD887 /* SpaceXApp.swift */ = {isa = PBXFileReference; lastKnownFileType = sourcecode.swift; path = SpaceXApp.swift; sourceTree = "<group>"; };
		546809ED2A21FD02002AD887 /* ContentView.swift */ = {isa = PBXFileReference; lastKnownFileType = sourcecode.swift; path = ContentView.swift; sourceTree = "<group>"; };
		546809EF2A21FD03002AD887 /* Assets.xcassets */ = {isa = PBXFileReference; lastKnownFileType = folder.assetcatalog; path = Assets.xcassets; sourceTree = "<group>"; };
		546809F22A21FD03002AD887 /* Preview Assets.xcassets */ = {isa = PBXFileReference; lastKnownFileType = folder.assetcatalog; path = "Preview Assets.xcassets"; sourceTree = "<group>"; };
		546809F82A21FD03002AD887 /* SpaceXTests.xctest */ = {isa = PBXFileReference; explicitFileType = wrapper.cfbundle; includeInIndex = 0; path = SpaceXTests.xctest; sourceTree = BUILT_PRODUCTS_DIR; };
		546809FC2A21FD03002AD887 /* SpaceXTests.swift */ = {isa = PBXFileReference; lastKnownFileType = sourcecode.swift; path = SpaceXTests.swift; sourceTree = "<group>"; };
		54680A022A21FD03002AD887 /* SpaceXUITests.xctest */ = {isa = PBXFileReference; explicitFileType = wrapper.cfbundle; includeInIndex = 0; path = SpaceXUITests.xctest; sourceTree = BUILT_PRODUCTS_DIR; };
		54680A062A21FD03002AD887 /* SpaceXUITests.swift */ = {isa = PBXFileReference; lastKnownFileType = sourcecode.swift; path = SpaceXUITests.swift; sourceTree = "<group>"; };
		54680A082A21FD03002AD887 /* SpaceXUITestsLaunchTests.swift */ = {isa = PBXFileReference; lastKnownFileType = sourcecode.swift; path = SpaceXUITestsLaunchTests.swift; sourceTree = "<group>"; };
		54680A182A2204BD002AD887 /* GraphQL */ = {isa = PBXFileReference; fileEncoding = 4; lastKnownFileType = text; path = GraphQL; sourceTree = SOURCE_ROOT; };
		54680A1B2A2207B3002AD887 /* SpaceXAPI */ = {isa = PBXFileReference; lastKnownFileType = wrapper; path = SpaceXAPI; sourceTree = "<group>"; };
		54680A202A2208D0002AD887 /* NetworkService.swift */ = {isa = PBXFileReference; lastKnownFileType = sourcecode.swift; path = NetworkService.swift; sourceTree = "<group>"; };
		54680A232A22098E002AD887 /* RocketList_VM.swift */ = {isa = PBXFileReference; lastKnownFileType = sourcecode.swift; path = RocketList_VM.swift; sourceTree = "<group>"; };
/* End PBXFileReference section */

/* Begin PBXFrameworksBuildPhase section */
		546809E52A21FD02002AD887 /* Frameworks */ = {
			isa = PBXFrameworksBuildPhase;
			buildActionMask = 2147483647;
			files = (
				54680A172A22031B002AD887 /* Apollo in Frameworks */,
				54680A1E2A2207EF002AD887 /* SpaceXAPI in Frameworks */,
			);
			runOnlyForDeploymentPostprocessing = 0;
		};
		546809F52A21FD03002AD887 /* Frameworks */ = {
			isa = PBXFrameworksBuildPhase;
			buildActionMask = 2147483647;
			files = (
			);
			runOnlyForDeploymentPostprocessing = 0;
		};
		546809FF2A21FD03002AD887 /* Frameworks */ = {
			isa = PBXFrameworksBuildPhase;
			buildActionMask = 2147483647;
			files = (
			);
			runOnlyForDeploymentPostprocessing = 0;
		};
/* End PBXFrameworksBuildPhase section */

/* Begin PBXGroup section */
		546809DF2A21FD02002AD887 = {
			isa = PBXGroup;
			children = (
				54680A1A2A2207B3002AD887 /* Packages */,
				546809EA2A21FD02002AD887 /* SpaceX */,
				546809FB2A21FD03002AD887 /* SpaceXTests */,
				54680A052A21FD03002AD887 /* SpaceXUITests */,
				546809E92A21FD02002AD887 /* Products */,
				54680A1C2A2207EF002AD887 /* Frameworks */,
			);
			sourceTree = "<group>";
		};
		546809E92A21FD02002AD887 /* Products */ = {
			isa = PBXGroup;
			children = (
				546809E82A21FD02002AD887 /* SpaceX.app */,
				546809F82A21FD03002AD887 /* SpaceXTests.xctest */,
				54680A022A21FD03002AD887 /* SpaceXUITests.xctest */,
			);
			name = Products;
			sourceTree = "<group>";
		};
		546809EA2A21FD02002AD887 /* SpaceX */ = {
			isa = PBXGroup;
			children = (
				54680A222A220975002AD887 /* ViewModel */,
				54680A1F2A2208C5002AD887 /* Network */,
				54680A182A2204BD002AD887 /* GraphQL */,
				546809EB2A21FD02002AD887 /* SpaceXApp.swift */,
				546809ED2A21FD02002AD887 /* ContentView.swift */,
				546809EF2A21FD03002AD887 /* Assets.xcassets */,
				546809F12A21FD03002AD887 /* Preview Content */,
			);
			path = SpaceX;
			sourceTree = "<group>";
		};
		546809F12A21FD03002AD887 /* Preview Content */ = {
			isa = PBXGroup;
			children = (
				546809F22A21FD03002AD887 /* Preview Assets.xcassets */,
			);
			path = "Preview Content";
			sourceTree = "<group>";
		};
		546809FB2A21FD03002AD887 /* SpaceXTests */ = {
			isa = PBXGroup;
			children = (
				546809FC2A21FD03002AD887 /* SpaceXTests.swift */,
			);
			path = SpaceXTests;
			sourceTree = "<group>";
		};
		54680A052A21FD03002AD887 /* SpaceXUITests */ = {
			isa = PBXGroup;
			children = (
				54680A062A21FD03002AD887 /* SpaceXUITests.swift */,
				54680A082A21FD03002AD887 /* SpaceXUITestsLaunchTests.swift */,
			);
			path = SpaceXUITests;
			sourceTree = "<group>";
		};
		54680A1A2A2207B3002AD887 /* Packages */ = {
			isa = PBXGroup;
			children = (
				54680A1B2A2207B3002AD887 /* SpaceXAPI */,
			);
			name = Packages;
			sourceTree = "<group>";
		};
		54680A1C2A2207EF002AD887 /* Frameworks */ = {
			isa = PBXGroup;
			children = (
			);
			name = Frameworks;
			sourceTree = "<group>";
		};
		54680A1F2A2208C5002AD887 /* Network */ = {
			isa = PBXGroup;
			children = (
				54680A202A2208D0002AD887 /* NetworkService.swift */,
			);
			path = Network;
			sourceTree = "<group>";
		};
		54680A222A220975002AD887 /* ViewModel */ = {
			isa = PBXGroup;
			children = (
				54680A232A22098E002AD887 /* RocketList_VM.swift */,
			);
			path = ViewModel;
			sourceTree = "<group>";
		};
/* End PBXGroup section */

/* Begin PBXNativeTarget section */
		546809E72A21FD02002AD887 /* SpaceX */ = {
			isa = PBXNativeTarget;
			buildConfigurationList = 54680A0C2A21FD03002AD887 /* Build configuration list for PBXNativeTarget "SpaceX" */;
			buildPhases = (
				546809E42A21FD02002AD887 /* Sources */,
				546809E52A21FD02002AD887 /* Frameworks */,
				546809E62A21FD02002AD887 /* Resources */,
			);
			buildRules = (
			);
			dependencies = (
			);
			name = SpaceX;
			packageProductDependencies = (
				54680A162A22031B002AD887 /* Apollo */,
				54680A1D2A2207EF002AD887 /* SpaceXAPI */,
			);
			productName = SpaceX;
			productReference = 546809E82A21FD02002AD887 /* SpaceX.app */;
			productType = "com.apple.product-type.application";
		};
		546809F72A21FD03002AD887 /* SpaceXTests */ = {
			isa = PBXNativeTarget;
			buildConfigurationList = 54680A0F2A21FD03002AD887 /* Build configuration list for PBXNativeTarget "SpaceXTests" */;
			buildPhases = (
				546809F42A21FD03002AD887 /* Sources */,
				546809F52A21FD03002AD887 /* Frameworks */,
				546809F62A21FD03002AD887 /* Resources */,
			);
			buildRules = (
			);
			dependencies = (
				546809FA2A21FD03002AD887 /* PBXTargetDependency */,
			);
			name = SpaceXTests;
			productName = SpaceXTests;
			productReference = 546809F82A21FD03002AD887 /* SpaceXTests.xctest */;
			productType = "com.apple.product-type.bundle.unit-test";
		};
		54680A012A21FD03002AD887 /* SpaceXUITests */ = {
			isa = PBXNativeTarget;
			buildConfigurationList = 54680A122A21FD03002AD887 /* Build configuration list for PBXNativeTarget "SpaceXUITests" */;
			buildPhases = (
				546809FE2A21FD03002AD887 /* Sources */,
				546809FF2A21FD03002AD887 /* Frameworks */,
				54680A002A21FD03002AD887 /* Resources */,
			);
			buildRules = (
			);
			dependencies = (
				54680A042A21FD03002AD887 /* PBXTargetDependency */,
			);
			name = SpaceXUITests;
			productName = SpaceXUITests;
			productReference = 54680A022A21FD03002AD887 /* SpaceXUITests.xctest */;
			productType = "com.apple.product-type.bundle.ui-testing";
		};
/* End PBXNativeTarget section */

/* Begin PBXProject section */
		546809E02A21FD02002AD887 /* Project object */ = {
			isa = PBXProject;
			attributes = {
				BuildIndependentTargetsInParallel = 1;
				LastSwiftUpdateCheck = 1420;
				LastUpgradeCheck = 1420;
				TargetAttributes = {
					546809E72A21FD02002AD887 = {
						CreatedOnToolsVersion = 14.2;
					};
					546809F72A21FD03002AD887 = {
						CreatedOnToolsVersion = 14.2;
						TestTargetID = 546809E72A21FD02002AD887;
					};
					54680A012A21FD03002AD887 = {
						CreatedOnToolsVersion = 14.2;
						TestTargetID = 546809E72A21FD02002AD887;
					};
				};
			};
			buildConfigurationList = 546809E32A21FD02002AD887 /* Build configuration list for PBXProject "SpaceX" */;
			compatibilityVersion = "Xcode 14.0";
			developmentRegion = en;
			hasScannedForEncodings = 0;
			knownRegions = (
				en,
				Base,
			);
			mainGroup = 546809DF2A21FD02002AD887;
			packageReferences = (
				54680A152A22031B002AD887 /* XCRemoteSwiftPackageReference "apollo-ios" */,
			);
			productRefGroup = 546809E92A21FD02002AD887 /* Products */;
			projectDirPath = "";
			projectRoot = "";
			targets = (
				546809E72A21FD02002AD887 /* SpaceX */,
				546809F72A21FD03002AD887 /* SpaceXTests */,
				54680A012A21FD03002AD887 /* SpaceXUITests */,
			);
		};
/* End PBXProject section */

/* Begin PBXResourcesBuildPhase section */
		546809E62A21FD02002AD887 /* Resources */ = {
			isa = PBXResourcesBuildPhase;
			buildActionMask = 2147483647;
			files = (
				54680A192A2204BD002AD887 /* GraphQL in Resources */,
				546809F32A21FD03002AD887 /* Preview Assets.xcassets in Resources */,
				546809F02A21FD03002AD887 /* Assets.xcassets in Resources */,
			);
			runOnlyForDeploymentPostprocessing = 0;
		};
		546809F62A21FD03002AD887 /* Resources */ = {
			isa = PBXResourcesBuildPhase;
			buildActionMask = 2147483647;
			files = (
			);
			runOnlyForDeploymentPostprocessing = 0;
		};
		54680A002A21FD03002AD887 /* Resources */ = {
			isa = PBXResourcesBuildPhase;
			buildActionMask = 2147483647;
			files = (
			);
			runOnlyForDeploymentPostprocessing = 0;
		};
/* End PBXResourcesBuildPhase section */

/* Begin PBXSourcesBuildPhase section */
		546809E42A21FD02002AD887 /* Sources */ = {
			isa = PBXSourcesBuildPhase;
			buildActionMask = 2147483647;
			files = (
				54680A242A22098E002AD887 /* RocketList_VM.swift in Sources */,
				546809EE2A21FD02002AD887 /* ContentView.swift in Sources */,
				54680A212A2208D0002AD887 /* NetworkService.swift in Sources */,
				546809EC2A21FD02002AD887 /* SpaceXApp.swift in Sources */,
			);
			runOnlyForDeploymentPostprocessing = 0;
		};
		546809F42A21FD03002AD887 /* Sources */ = {
			isa = PBXSourcesBuildPhase;
			buildActionMask = 2147483647;
			files = (
				546809FD2A21FD03002AD887 /* SpaceXTests.swift in Sources */,
			);
			runOnlyForDeploymentPostprocessing = 0;
		};
		546809FE2A21FD03002AD887 /* Sources */ = {
			isa = PBXSourcesBuildPhase;
			buildActionMask = 2147483647;
			files = (
				54680A092A21FD03002AD887 /* SpaceXUITestsLaunchTests.swift in Sources */,
				54680A072A21FD03002AD887 /* SpaceXUITests.swift in Sources */,
			);
			runOnlyForDeploymentPostprocessing = 0;
		};
/* End PBXSourcesBuildPhase section */

/* Begin PBXTargetDependency section */
		546809FA2A21FD03002AD887 /* PBXTargetDependency */ = {
			isa = PBXTargetDependency;
			target = 546809E72A21FD02002AD887 /* SpaceX */;
			targetProxy = 546809F92A21FD03002AD887 /* PBXContainerItemProxy */;
		};
		54680A042A21FD03002AD887 /* PBXTargetDependency */ = {
			isa = PBXTargetDependency;
			target = 546809E72A21FD02002AD887 /* SpaceX */;
			targetProxy = 54680A032A21FD03002AD887 /* PBXContainerItemProxy */;
		};
/* End PBXTargetDependency section */

/* Begin XCBuildConfiguration section */
		54680A0A2A21FD03002AD887 /* Debug */ = {
			isa = XCBuildConfiguration;
			buildSettings = {
				ALWAYS_SEARCH_USER_PATHS = NO;
				CLANG_ANALYZER_NONNULL = YES;
				CLANG_ANALYZER_NUMBER_OBJECT_CONVERSION = YES_AGGRESSIVE;
				CLANG_CXX_LANGUAGE_STANDARD = "gnu++20";
				CLANG_ENABLE_MODULES = YES;
				CLANG_ENABLE_OBJC_ARC = YES;
				CLANG_ENABLE_OBJC_WEAK = YES;
				CLANG_WARN_BLOCK_CAPTURE_AUTORELEASING = YES;
				CLANG_WARN_BOOL_CONVERSION = YES;
				CLANG_WARN_COMMA = YES;
				CLANG_WARN_CONSTANT_CONVERSION = YES;
				CLANG_WARN_DEPRECATED_OBJC_IMPLEMENTATIONS = YES;
				CLANG_WARN_DIRECT_OBJC_ISA_USAGE = YES_ERROR;
				CLANG_WARN_DOCUMENTATION_COMMENTS = YES;
				CLANG_WARN_EMPTY_BODY = YES;
				CLANG_WARN_ENUM_CONVERSION = YES;
				CLANG_WARN_INFINITE_RECURSION = YES;
				CLANG_WARN_INT_CONVERSION = YES;
				CLANG_WARN_NON_LITERAL_NULL_CONVERSION = YES;
				CLANG_WARN_OBJC_IMPLICIT_RETAIN_SELF = YES;
				CLANG_WARN_OBJC_LITERAL_CONVERSION = YES;
				CLANG_WARN_OBJC_ROOT_CLASS = YES_ERROR;
				CLANG_WARN_QUOTED_INCLUDE_IN_FRAMEWORK_HEADER = YES;
				CLANG_WARN_RANGE_LOOP_ANALYSIS = YES;
				CLANG_WARN_STRICT_PROTOTYPES = YES;
				CLANG_WARN_SUSPICIOUS_MOVE = YES;
				CLANG_WARN_UNGUARDED_AVAILABILITY = YES_AGGRESSIVE;
				CLANG_WARN_UNREACHABLE_CODE = YES;
				CLANG_WARN__DUPLICATE_METHOD_MATCH = YES;
				COPY_PHASE_STRIP = NO;
				DEBUG_INFORMATION_FORMAT = dwarf;
				ENABLE_STRICT_OBJC_MSGSEND = YES;
				ENABLE_TESTABILITY = YES;
				GCC_C_LANGUAGE_STANDARD = gnu11;
				GCC_DYNAMIC_NO_PIC = NO;
				GCC_NO_COMMON_BLOCKS = YES;
				GCC_OPTIMIZATION_LEVEL = 0;
				GCC_PREPROCESSOR_DEFINITIONS = (
					"DEBUG=1",
					"$(inherited)",
				);
				GCC_WARN_64_TO_32_BIT_CONVERSION = YES;
				GCC_WARN_ABOUT_RETURN_TYPE = YES_ERROR;
				GCC_WARN_UNDECLARED_SELECTOR = YES;
				GCC_WARN_UNINITIALIZED_AUTOS = YES_AGGRESSIVE;
				GCC_WARN_UNUSED_FUNCTION = YES;
				GCC_WARN_UNUSED_VARIABLE = YES;
				IPHONEOS_DEPLOYMENT_TARGET = 16.2;
				MTL_ENABLE_DEBUG_INFO = INCLUDE_SOURCE;
				MTL_FAST_MATH = YES;
				ONLY_ACTIVE_ARCH = YES;
				SDKROOT = iphoneos;
				SWIFT_ACTIVE_COMPILATION_CONDITIONS = DEBUG;
				SWIFT_OPTIMIZATION_LEVEL = "-Onone";
			};
			name = Debug;
		};
		54680A0B2A21FD03002AD887 /* Release */ = {
			isa = XCBuildConfiguration;
			buildSettings = {
				ALWAYS_SEARCH_USER_PATHS = NO;
				CLANG_ANALYZER_NONNULL = YES;
				CLANG_ANALYZER_NUMBER_OBJECT_CONVERSION = YES_AGGRESSIVE;
				CLANG_CXX_LANGUAGE_STANDARD = "gnu++20";
				CLANG_ENABLE_MODULES = YES;
				CLANG_ENABLE_OBJC_ARC = YES;
				CLANG_ENABLE_OBJC_WEAK = YES;
				CLANG_WARN_BLOCK_CAPTURE_AUTORELEASING = YES;
				CLANG_WARN_BOOL_CONVERSION = YES;
				CLANG_WARN_COMMA = YES;
				CLANG_WARN_CONSTANT_CONVERSION = YES;
				CLANG_WARN_DEPRECATED_OBJC_IMPLEMENTATIONS = YES;
				CLANG_WARN_DIRECT_OBJC_ISA_USAGE = YES_ERROR;
				CLANG_WARN_DOCUMENTATION_COMMENTS = YES;
				CLANG_WARN_EMPTY_BODY = YES;
				CLANG_WARN_ENUM_CONVERSION = YES;
				CLANG_WARN_INFINITE_RECURSION = YES;
				CLANG_WARN_INT_CONVERSION = YES;
				CLANG_WARN_NON_LITERAL_NULL_CONVERSION = YES;
				CLANG_WARN_OBJC_IMPLICIT_RETAIN_SELF = YES;
				CLANG_WARN_OBJC_LITERAL_CONVERSION = YES;
				CLANG_WARN_OBJC_ROOT_CLASS = YES_ERROR;
				CLANG_WARN_QUOTED_INCLUDE_IN_FRAMEWORK_HEADER = YES;
				CLANG_WARN_RANGE_LOOP_ANALYSIS = YES;
				CLANG_WARN_STRICT_PROTOTYPES = YES;
				CLANG_WARN_SUSPICIOUS_MOVE = YES;
				CLANG_WARN_UNGUARDED_AVAILABILITY = YES_AGGRESSIVE;
				CLANG_WARN_UNREACHABLE_CODE = YES;
				CLANG_WARN__DUPLICATE_METHOD_MATCH = YES;
				COPY_PHASE_STRIP = NO;
				DEBUG_INFORMATION_FORMAT = "dwarf-with-dsym";
				ENABLE_NS_ASSERTIONS = NO;
				ENABLE_STRICT_OBJC_MSGSEND = YES;
				GCC_C_LANGUAGE_STANDARD = gnu11;
				GCC_NO_COMMON_BLOCKS = YES;
				GCC_WARN_64_TO_32_BIT_CONVERSION = YES;
				GCC_WARN_ABOUT_RETURN_TYPE = YES_ERROR;
				GCC_WARN_UNDECLARED_SELECTOR = YES;
				GCC_WARN_UNINITIALIZED_AUTOS = YES_AGGRESSIVE;
				GCC_WARN_UNUSED_FUNCTION = YES;
				GCC_WARN_UNUSED_VARIABLE = YES;
				IPHONEOS_DEPLOYMENT_TARGET = 16.2;
				MTL_ENABLE_DEBUG_INFO = NO;
				MTL_FAST_MATH = YES;
				SDKROOT = iphoneos;
				SWIFT_COMPILATION_MODE = wholemodule;
				SWIFT_OPTIMIZATION_LEVEL = "-O";
				VALIDATE_PRODUCT = YES;
			};
			name = Release;
		};
		54680A0D2A21FD03002AD887 /* Debug */ = {
			isa = XCBuildConfiguration;
			buildSettings = {
				ASSETCATALOG_COMPILER_APPICON_NAME = AppIcon;
				ASSETCATALOG_COMPILER_GLOBAL_ACCENT_COLOR_NAME = AccentColor;
				CODE_SIGN_STYLE = Automatic;
				CURRENT_PROJECT_VERSION = 1;
				DEVELOPMENT_ASSET_PATHS = "\"SpaceX/Preview Content\"";
				DEVELOPMENT_TEAM = 7D3D9829Z3;
				ENABLE_PREVIEWS = YES;
				GENERATE_INFOPLIST_FILE = YES;
				INFOPLIST_KEY_UIApplicationSceneManifest_Generation = YES;
				INFOPLIST_KEY_UIApplicationSupportsIndirectInputEvents = YES;
				INFOPLIST_KEY_UILaunchScreen_Generation = YES;
				INFOPLIST_KEY_UISupportedInterfaceOrientations_iPad = "UIInterfaceOrientationPortrait UIInterfaceOrientationPortraitUpsideDown UIInterfaceOrientationLandscapeLeft UIInterfaceOrientationLandscapeRight";
				INFOPLIST_KEY_UISupportedInterfaceOrientations_iPhone = "UIInterfaceOrientationPortrait UIInterfaceOrientationLandscapeLeft UIInterfaceOrientationLandscapeRight";
				LD_RUNPATH_SEARCH_PATHS = (
					"$(inherited)",
					"@executable_path/Frameworks",
				);
				MARKETING_VERSION = 1.0;
				PRODUCT_BUNDLE_IDENTIFIER = com.progress.ios.SpaceX;
				PRODUCT_NAME = "$(TARGET_NAME)";
				SWIFT_EMIT_LOC_STRINGS = YES;
				SWIFT_VERSION = 5.0;
				TARGETED_DEVICE_FAMILY = "1,2";
			};
			name = Debug;
		};
		54680A0E2A21FD03002AD887 /* Release */ = {
			isa = XCBuildConfiguration;
			buildSettings = {
				ASSETCATALOG_COMPILER_APPICON_NAME = AppIcon;
				ASSETCATALOG_COMPILER_GLOBAL_ACCENT_COLOR_NAME = AccentColor;
				CODE_SIGN_STYLE = Automatic;
				CURRENT_PROJECT_VERSION = 1;
				DEVELOPMENT_ASSET_PATHS = "\"SpaceX/Preview Content\"";
				DEVELOPMENT_TEAM = 7D3D9829Z3;
				ENABLE_PREVIEWS = YES;
				GENERATE_INFOPLIST_FILE = YES;
				INFOPLIST_KEY_UIApplicationSceneManifest_Generation = YES;
				INFOPLIST_KEY_UIApplicationSupportsIndirectInputEvents = YES;
				INFOPLIST_KEY_UILaunchScreen_Generation = YES;
				INFOPLIST_KEY_UISupportedInterfaceOrientations_iPad = "UIInterfaceOrientationPortrait UIInterfaceOrientationPortraitUpsideDown UIInterfaceOrientationLandscapeLeft UIInterfaceOrientationLandscapeRight";
				INFOPLIST_KEY_UISupportedInterfaceOrientations_iPhone = "UIInterfaceOrientationPortrait UIInterfaceOrientationLandscapeLeft UIInterfaceOrientationLandscapeRight";
				LD_RUNPATH_SEARCH_PATHS = (
					"$(inherited)",
					"@executable_path/Frameworks",
				);
				MARKETING_VERSION = 1.0;
				PRODUCT_BUNDLE_IDENTIFIER = com.progress.ios.SpaceX;
				PRODUCT_NAME = "$(TARGET_NAME)";
				SWIFT_EMIT_LOC_STRINGS = YES;
				SWIFT_VERSION = 5.0;
				TARGETED_DEVICE_FAMILY = "1,2";
			};
			name = Release;
		};
		54680A102A21FD03002AD887 /* Debug */ = {
			isa = XCBuildConfiguration;
			buildSettings = {
				ALWAYS_EMBED_SWIFT_STANDARD_LIBRARIES = YES;
				BUNDLE_LOADER = "$(TEST_HOST)";
				CODE_SIGN_STYLE = Automatic;
				CURRENT_PROJECT_VERSION = 1;
				DEVELOPMENT_TEAM = 7D3D9829Z3;
				GENERATE_INFOPLIST_FILE = YES;
				IPHONEOS_DEPLOYMENT_TARGET = 16.2;
				MARKETING_VERSION = 1.0;
				PRODUCT_BUNDLE_IDENTIFIER = com.progress.ios.SpaceXTests;
				PRODUCT_NAME = "$(TARGET_NAME)";
				SWIFT_EMIT_LOC_STRINGS = NO;
				SWIFT_VERSION = 5.0;
				TARGETED_DEVICE_FAMILY = "1,2";
				TEST_HOST = "$(BUILT_PRODUCTS_DIR)/SpaceX.app/$(BUNDLE_EXECUTABLE_FOLDER_PATH)/SpaceX";
			};
			name = Debug;
		};
		54680A112A21FD03002AD887 /* Release */ = {
			isa = XCBuildConfiguration;
			buildSettings = {
				ALWAYS_EMBED_SWIFT_STANDARD_LIBRARIES = YES;
				BUNDLE_LOADER = "$(TEST_HOST)";
				CODE_SIGN_STYLE = Automatic;
				CURRENT_PROJECT_VERSION = 1;
				DEVELOPMENT_TEAM = 7D3D9829Z3;
				GENERATE_INFOPLIST_FILE = YES;
				IPHONEOS_DEPLOYMENT_TARGET = 16.2;
				MARKETING_VERSION = 1.0;
				PRODUCT_BUNDLE_IDENTIFIER = com.progress.ios.SpaceXTests;
				PRODUCT_NAME = "$(TARGET_NAME)";
				SWIFT_EMIT_LOC_STRINGS = NO;
				SWIFT_VERSION = 5.0;
				TARGETED_DEVICE_FAMILY = "1,2";
				TEST_HOST = "$(BUILT_PRODUCTS_DIR)/SpaceX.app/$(BUNDLE_EXECUTABLE_FOLDER_PATH)/SpaceX";
			};
			name = Release;
		};
		54680A132A21FD03002AD887 /* Debug */ = {
			isa = XCBuildConfiguration;
			buildSettings = {
				ALWAYS_EMBED_SWIFT_STANDARD_LIBRARIES = YES;
				CODE_SIGN_STYLE = Automatic;
				CURRENT_PROJECT_VERSION = 1;
				DEVELOPMENT_TEAM = 7D3D9829Z3;
				GENERATE_INFOPLIST_FILE = YES;
				MARKETING_VERSION = 1.0;
				PRODUCT_BUNDLE_IDENTIFIER = com.progress.ios.SpaceXUITests;
				PRODUCT_NAME = "$(TARGET_NAME)";
				SWIFT_EMIT_LOC_STRINGS = NO;
				SWIFT_VERSION = 5.0;
				TARGETED_DEVICE_FAMILY = "1,2";
				TEST_TARGET_NAME = SpaceX;
			};
			name = Debug;
		};
		54680A142A21FD03002AD887 /* Release */ = {
			isa = XCBuildConfiguration;
			buildSettings = {
				ALWAYS_EMBED_SWIFT_STANDARD_LIBRARIES = YES;
				CODE_SIGN_STYLE = Automatic;
				CURRENT_PROJECT_VERSION = 1;
				DEVELOPMENT_TEAM = 7D3D9829Z3;
				GENERATE_INFOPLIST_FILE = YES;
				MARKETING_VERSION = 1.0;
				PRODUCT_BUNDLE_IDENTIFIER = com.progress.ios.SpaceXUITests;
				PRODUCT_NAME = "$(TARGET_NAME)";
				SWIFT_EMIT_LOC_STRINGS = NO;
				SWIFT_VERSION = 5.0;
				TARGETED_DEVICE_FAMILY = "1,2";
				TEST_TARGET_NAME = SpaceX;
			};
			name = Release;
		};
/* End XCBuildConfiguration section */

/* Begin XCConfigurationList section */
		546809E32A21FD02002AD887 /* Build configuration list for PBXProject "SpaceX" */ = {
			isa = XCConfigurationList;
			buildConfigurations = (
				54680A0A2A21FD03002AD887 /* Debug */,
				54680A0B2A21FD03002AD887 /* Release */,
			);
			defaultConfigurationIsVisible = 0;
			defaultConfigurationName = Release;
		};
		54680A0C2A21FD03002AD887 /* Build configuration list for PBXNativeTarget "SpaceX" */ = {
			isa = XCConfigurationList;
			buildConfigurations = (
				54680A0D2A21FD03002AD887 /* Debug */,
				54680A0E2A21FD03002AD887 /* Release */,
			);
			defaultConfigurationIsVisible = 0;
			defaultConfigurationName = Release;
		};
		54680A0F2A21FD03002AD887 /* Build configuration list for PBXNativeTarget "SpaceXTests" */ = {
			isa = XCConfigurationList;
			buildConfigurations = (
				54680A102A21FD03002AD887 /* Debug */,
				54680A112A21FD03002AD887 /* Release */,
			);
			defaultConfigurationIsVisible = 0;
			defaultConfigurationName = Release;
		};
		54680A122A21FD03002AD887 /* Build configuration list for PBXNativeTarget "SpaceXUITests" */ = {
			isa = XCConfigurationList;
			buildConfigurations = (
				54680A132A21FD03002AD887 /* Debug */,
				54680A142A21FD03002AD887 /* Release */,
			);
			defaultConfigurationIsVisible = 0;
			defaultConfigurationName = Release;
		};
/* End XCConfigurationList section */

/* Begin XCRemoteSwiftPackageReference section */
		54680A152A22031B002AD887 /* XCRemoteSwiftPackageReference "apollo-ios" */ = {
			isa = XCRemoteSwiftPackageReference;
			repositoryURL = "https://github.com/apollographql/apollo-ios.git";
			requirement = {
				kind = upToNextMajorVersion;
				minimumVersion = 1.2.0;
			};
		};
/* End XCRemoteSwiftPackageReference section */

/* Begin XCSwiftPackageProductDependency section */
		54680A162A22031B002AD887 /* Apollo */ = {
			isa = XCSwiftPackageProductDependency;
			package = 54680A152A22031B002AD887 /* XCRemoteSwiftPackageReference "apollo-ios" */;
			productName = Apollo;
		};
		54680A1D2A2207EF002AD887 /* SpaceXAPI */ = {
			isa = XCSwiftPackageProductDependency;
			productName = SpaceXAPI;
		};
/* End XCSwiftPackageProductDependency section */
	};
	rootObject = 546809E02A21FD02002AD887 /* Project object */;
}
